
Microsoft Visual Studio Solution File, Format Version 12.00
# Visual Studio Version 17
VisualStudioVersion = 17.5.33424.131
MinimumVisualStudioVersion = 10.0.40219.1
Project("{9A19103F-16F7-4668-BE54-9A1E7A4F7556}") = "Enigma", "Enigma\Enigma.csproj", "{865274F0-D1ED-416B-9D82-6DB920C03565}"
EndProject
Project("{2150E333-8FDC-42A3-9474-1A3956D46DE8}") = "Projektmappenelemente", "Projektmappenelemente", "{65C8271B-8245-4113-BEA5-C52642D5961A}"
	ProjectSection(SolutionItems) = preProject
		..\..\..\Downloads\message (1).py = ..\..\..\Downloads\message (1).py
		solve.py = solve.py
	EndProjectSection
EndProject
Global
	GlobalSection(SolutionConfigurationPlatforms) = preSolution
		Debug|Any CPU = Debug|Any CPU
		Release|Any CPU = Release|Any CPU
	EndGlobalSection
	GlobalSection(ProjectConfigurationPlatforms) = postSolution
		{865274F0-D1ED-416B-9D82-6DB920C03565}.Debug|Any CPU.ActiveCfg = Debug|Any CPU
		{865274F0-D1ED-416B-9D82-6DB920C03565}.Debug|Any CPU.Build.0 = Debug|Any CPU
		{865274F0-D1ED-416B-9D82-6DB920C03565}.Release|Any CPU.ActiveCfg = Release|Any CPU
		{865274F0-D1ED-416B-9D82-6DB920C03565}.Release|Any CPU.Build.0 = Release|Any CPU
	EndGlobalSection
	GlobalSection(SolutionProperties) = preSolution
		HideSolutionNode = FALSE
	EndGlobalSection
	GlobalSection(ExtensibilityGlobals) = postSolution
		SolutionGuid = {FE6ECE13-71A7-4C89-9BF8-BA591B45EBAE}
	EndGlobalSection
EndGlobal
